
Microsoft Visual Studio Solution File, Format Version 12.00
# Visual Studio Version 17
VisualStudioVersion = 17.2.32630.192
MinimumVisualStudioVersion = 10.0.40219.1
Project("{9A19103F-16F7-4668-BE54-9A1E7A4F7556}") = "EFCore.DataBaseFirst", "EFCore.DataBaseFirst\EFCore.DataBaseFirst.csproj", "{36DA4018-3BCA-40C2-BA86-5E39FBD4668E}"
EndProject
Project("{2150E333-8FDC-42A3-9474-1A3956D46DE8}") = "Solution Items", "Solution Items", "{21729F7D-29BB-44A4-99D5-41DB0B108DF5}"
	ProjectSection(SolutionItems) = preProject
		.editorconfig = .editorconfig
	EndProjectSection
EndProject
Project("{9A19103F-16F7-4668-BE54-9A1E7A4F7556}") = "EFCore.DataBaseFirstByScaffold", "EFCore.DataBaseFirstByScaffold\EFCore.DataBaseFirstByScaffold.csproj", "{D0D37DEB-4FD4-4658-9110-7F55728C8AC0}"
EndProject
Project("{9A19103F-16F7-4668-BE54-9A1E7A4F7556}") = "EFCore.CodeFirst", "EFCore.CodeFirst\EFCore.CodeFirst.csproj", "{D3A92838-AC9D-4C2F-A9CD-DBCE4507A5F6}"
EndProject
Project("{FAE04EC0-301F-11D3-BF4B-00C04F79EFBC}") = "EFCore.MVC", "EFCore.MVC\EFCore.MVC.csproj", "{9F5790E4-9BC4-47B8-A03B-840C28542032}"
EndProject
Global
	GlobalSection(SolutionConfigurationPlatforms) = preSolution
		Debug|Any CPU = Debug|Any CPU
		Release|Any CPU = Release|Any CPU
	EndGlobalSection
	GlobalSection(ProjectConfigurationPlatforms) = postSolution
		{36DA4018-3BCA-40C2-BA86-5E39FBD4668E}.Debug|Any CPU.ActiveCfg = Debug|Any CPU
		{36DA4018-3BCA-40C2-BA86-5E39FBD4668E}.Debug|Any CPU.Build.0 = Debug|Any CPU
		{36DA4018-3BCA-40C2-BA86-5E39FBD4668E}.Release|Any CPU.ActiveCfg = Release|Any CPU
		{36DA4018-3BCA-40C2-BA86-5E39FBD4668E}.Release|Any CPU.Build.0 = Release|Any CPU
		{D0D37DEB-4FD4-4658-9110-7F55728C8AC0}.Debug|Any CPU.ActiveCfg = Debug|Any CPU
		{D0D37DEB-4FD4-4658-9110-7F55728C8AC0}.Debug|Any CPU.Build.0 = Debug|Any CPU
		{D0D37DEB-4FD4-4658-9110-7F55728C8AC0}.Release|Any CPU.ActiveCfg = Release|Any CPU
		{D0D37DEB-4FD4-4658-9110-7F55728C8AC0}.Release|Any CPU.Build.0 = Release|Any CPU
		{D3A92838-AC9D-4C2F-A9CD-DBCE4507A5F6}.Debug|Any CPU.ActiveCfg = Debug|Any CPU
		{D3A92838-AC9D-4C2F-A9CD-DBCE4507A5F6}.Debug|Any CPU.Build.0 = Debug|Any CPU
		{D3A92838-AC9D-4C2F-A9CD-DBCE4507A5F6}.Release|Any CPU.ActiveCfg = Release|Any CPU
		{D3A92838-AC9D-4C2F-A9CD-DBCE4507A5F6}.Release|Any CPU.Build.0 = Release|Any CPU
		{9F5790E4-9BC4-47B8-A03B-840C28542032}.Debug|Any CPU.ActiveCfg = Debug|Any CPU
		{9F5790E4-9BC4-47B8-A03B-840C28542032}.Debug|Any CPU.Build.0 = Debug|Any CPU
		{9F5790E4-9BC4-47B8-A03B-840C28542032}.Release|Any CPU.ActiveCfg = Release|Any CPU
		{9F5790E4-9BC4-47B8-A03B-840C28542032}.Release|Any CPU.Build.0 = Release|Any CPU
	EndGlobalSection
	GlobalSection(SolutionProperties) = preSolution
		HideSolutionNode = FALSE
	EndGlobalSection
	GlobalSection(ExtensibilityGlobals) = postSolution
		SolutionGuid = {0F8258CD-DE20-49CA-AE3C-1E0897FCBD39}
	EndGlobalSection
EndGlobal
